
Microsoft Visual Studio Solution File, Format Version 12.00
# Visual Studio 15
VisualStudioVersion = 15.0.28010.2048
MinimumVisualStudioVersion = 10.0.40219.1
Project("{888888A0-9F3D-457C-B088-3A5042F75D52}") = "DB_CRUD", "DB_CRUD\DB_CRUD.pyproj", "{DAB03E74-E41C-4217-85C2-F44686283738}"
EndProject
Global
	GlobalSection(SolutionConfigurationPlatforms) = preSolution
		Debug|Any CPU = Debug|Any CPU
		Release|Any CPU = Release|Any CPU
	EndGlobalSection
	GlobalSection(ProjectConfigurationPlatforms) = postSolution
		{DAB03E74-E41C-4217-85C2-F44686283738}.Debug|Any CPU.ActiveCfg = Debug|Any CPU
		{DAB03E74-E41C-4217-85C2-F44686283738}.Release|Any CPU.ActiveCfg = Release|Any CPU
	EndGlobalSection
	GlobalSection(SolutionProperties) = preSolution
		HideSolutionNode = FALSE
	EndGlobalSection
	GlobalSection(ExtensibilityGlobals) = postSolution
		SolutionGuid = {E9A1A45D-90DD-494E-9C6F-6034DDBDE2B0}
	EndGlobalSection
EndGlobal
